
Microsoft Visual Studio Solution File, Format Version 12.00
# Visual Studio Version 17
VisualStudioVersion = 17.13.35913.81 d17.13
MinimumVisualStudioVersion = 10.0.40219.1
Project("{FAE04EC0-301F-11D3-BF4B-00C04F79EFBC}") = "LINQ Query con clases - 4", "LINQ Query con clases - 4\LINQ Query con clases - 4.csproj", "{9D873772-9F96-4D1B-B37F-17F96CC57F9C}"
EndProject
Global
	GlobalSection(SolutionConfigurationPlatforms) = preSolution
		Debug|Any CPU = Debug|Any CPU
		Release|Any CPU = Release|Any CPU
	EndGlobalSection
	GlobalSection(ProjectConfigurationPlatforms) = postSolution
		{9D873772-9F96-4D1B-B37F-17F96CC57F9C}.Debug|Any CPU.ActiveCfg = Debug|Any CPU
		{9D873772-9F96-4D1B-B37F-17F96CC57F9C}.Debug|Any CPU.Build.0 = Debug|Any CPU
		{9D873772-9F96-4D1B-B37F-17F96CC57F9C}.Release|Any CPU.ActiveCfg = Release|Any CPU
		{9D873772-9F96-4D1B-B37F-17F96CC57F9C}.Release|Any CPU.Build.0 = Release|Any CPU
	EndGlobalSection
	GlobalSection(SolutionProperties) = preSolution
		HideSolutionNode = FALSE
	EndGlobalSection
	GlobalSection(ExtensibilityGlobals) = postSolution
		SolutionGuid = {5FCB4CEE-9756-4067-B4C4-FE2B82D91F7F}
	EndGlobalSection
EndGlobal
