
Microsoft Visual Studio Solution File, Format Version 12.00
# Visual Studio Version 17
VisualStudioVersion = 17.13.35913.81 d17.13
MinimumVisualStudioVersion = 10.0.40219.1
Project("{FAE04EC0-301F-11D3-BF4B-00C04F79EFBC}") = "WorkingWithXL como leer xml", "WorkingWithXL como leer xml\WorkingWithXL como leer xml.csproj", "{EE9CB332-CED7-456A-BB5C-5E3E9D355353}"
EndProject
Global
	GlobalSection(SolutionConfigurationPlatforms) = preSolution
		Debug|Any CPU = Debug|Any CPU
		Release|Any CPU = Release|Any CPU
	EndGlobalSection
	GlobalSection(ProjectConfigurationPlatforms) = postSolution
		{EE9CB332-CED7-456A-BB5C-5E3E9D355353}.Debug|Any CPU.ActiveCfg = Debug|Any CPU
		{EE9CB332-CED7-456A-BB5C-5E3E9D355353}.Debug|Any CPU.Build.0 = Debug|Any CPU
		{EE9CB332-CED7-456A-BB5C-5E3E9D355353}.Release|Any CPU.ActiveCfg = Release|Any CPU
		{EE9CB332-CED7-456A-BB5C-5E3E9D355353}.Release|Any CPU.Build.0 = Release|Any CPU
	EndGlobalSection
	GlobalSection(SolutionProperties) = preSolution
		HideSolutionNode = FALSE
	EndGlobalSection
	GlobalSection(ExtensibilityGlobals) = postSolution
		SolutionGuid = {B994C70A-AE88-4FBC-9A07-3F1A5170BDF6}
	EndGlobalSection
EndGlobal
