
Microsoft Visual Studio Solution File, Format Version 12.00
# Visual Studio Version 17
VisualStudioVersion = 17.13.35913.81 d17.13
MinimumVisualStudioVersion = 10.0.40219.1
Project("{FAE04EC0-301F-11D3-BF4B-00C04F79EFBC}") = "Json.Net Sample", "Json.Net Sample\Json.Net Sample.csproj", "{7F762999-93DA-4F1B-8E7C-E73802F4EB2B}"
EndProject
Global
	GlobalSection(SolutionConfigurationPlatforms) = preSolution
		Debug|Any CPU = Debug|Any CPU
		Release|Any CPU = Release|Any CPU
	EndGlobalSection
	GlobalSection(ProjectConfigurationPlatforms) = postSolution
		{7F762999-93DA-4F1B-8E7C-E73802F4EB2B}.Debug|Any CPU.ActiveCfg = Debug|Any CPU
		{7F762999-93DA-4F1B-8E7C-E73802F4EB2B}.Debug|Any CPU.Build.0 = Debug|Any CPU
		{7F762999-93DA-4F1B-8E7C-E73802F4EB2B}.Release|Any CPU.ActiveCfg = Release|Any CPU
		{7F762999-93DA-4F1B-8E7C-E73802F4EB2B}.Release|Any CPU.Build.0 = Release|Any CPU
	EndGlobalSection
	GlobalSection(SolutionProperties) = preSolution
		HideSolutionNode = FALSE
	EndGlobalSection
	GlobalSection(ExtensibilityGlobals) = postSolution
		SolutionGuid = {B928FCB5-DBE3-43A5-9D14-916FB48A2AE7}
	EndGlobalSection
EndGlobal
