
Microsoft Visual Studio Solution File, Format Version 12.00
# Visual Studio Version 17
VisualStudioVersion = 17.13.35825.156 d17.13
MinimumVisualStudioVersion = 10.0.40219.1
Project("{FAE04EC0-301F-11D3-BF4B-00C04F79EFBC}") = "LINQEjecuciones-2", "LINQEjecuciones-2\LINQEjecuciones-2.csproj", "{A2C559C4-B7C1-4A7C-B609-B671D25F91DC}"
EndProject
Global
	GlobalSection(SolutionConfigurationPlatforms) = preSolution
		Debug|Any CPU = Debug|Any CPU
		Release|Any CPU = Release|Any CPU
	EndGlobalSection
	GlobalSection(ProjectConfigurationPlatforms) = postSolution
		{A2C559C4-B7C1-4A7C-B609-B671D25F91DC}.Debug|Any CPU.ActiveCfg = Debug|Any CPU
		{A2C559C4-B7C1-4A7C-B609-B671D25F91DC}.Debug|Any CPU.Build.0 = Debug|Any CPU
		{A2C559C4-B7C1-4A7C-B609-B671D25F91DC}.Release|Any CPU.ActiveCfg = Release|Any CPU
		{A2C559C4-B7C1-4A7C-B609-B671D25F91DC}.Release|Any CPU.Build.0 = Release|Any CPU
	EndGlobalSection
	GlobalSection(SolutionProperties) = preSolution
		HideSolutionNode = FALSE
	EndGlobalSection
	GlobalSection(ExtensibilityGlobals) = postSolution
		SolutionGuid = {9A8C53A4-7B64-4E89-B5E7-016BF5325B03}
	EndGlobalSection
EndGlobal
