
Microsoft Visual Studio Solution File, Format Version 12.00
# Visual Studio Version 17
VisualStudioVersion = 17.13.35825.156 d17.13
MinimumVisualStudioVersion = 10.0.40219.1
Project("{FAE04EC0-301F-11D3-BF4B-00C04F79EFBC}") = "LINQArreglos-1", "LINQArreglos-1\LINQArreglos-1.csproj", "{80A619E0-4559-42A9-A9C2-46C0F6AE5949}"
EndProject
Global
	GlobalSection(SolutionConfigurationPlatforms) = preSolution
		Debug|Any CPU = Debug|Any CPU
		Release|Any CPU = Release|Any CPU
	EndGlobalSection
	GlobalSection(ProjectConfigurationPlatforms) = postSolution
		{80A619E0-4559-42A9-A9C2-46C0F6AE5949}.Debug|Any CPU.ActiveCfg = Debug|Any CPU
		{80A619E0-4559-42A9-A9C2-46C0F6AE5949}.Debug|Any CPU.Build.0 = Debug|Any CPU
		{80A619E0-4559-42A9-A9C2-46C0F6AE5949}.Release|Any CPU.ActiveCfg = Release|Any CPU
		{80A619E0-4559-42A9-A9C2-46C0F6AE5949}.Release|Any CPU.Build.0 = Release|Any CPU
	EndGlobalSection
	GlobalSection(SolutionProperties) = preSolution
		HideSolutionNode = FALSE
	EndGlobalSection
	GlobalSection(ExtensibilityGlobals) = postSolution
		SolutionGuid = {5DB667BE-E239-4EE5-AE42-D103BF57016B}
	EndGlobalSection
EndGlobal
